
Microsoft Visual Studio Solution File, Format Version 12.00
# Visual Studio 15
VisualStudioVersion = 15.0.27428.2002
MinimumVisualStudioVersion = 10.0.40219.1
Project("{FAE04EC0-301F-11D3-BF4B-00C04F79EFBC}") = "SwaggerWeb", "SwaggerWeb\SwaggerWeb.csproj", "{BFEA75F0-5A46-4D7A-935A-2EF5F07DA4FF}"
EndProject
Global
	GlobalSection(SolutionConfigurationPlatforms) = preSolution
		Debug|Any CPU = Debug|Any CPU
		Release|Any CPU = Release|Any CPU
	EndGlobalSection
	GlobalSection(ProjectConfigurationPlatforms) = postSolution
		{BFEA75F0-5A46-4D7A-935A-2EF5F07DA4FF}.Debug|Any CPU.ActiveCfg = Debug|Any CPU
		{BFEA75F0-5A46-4D7A-935A-2EF5F07DA4FF}.Debug|Any CPU.Build.0 = Debug|Any CPU
		{BFEA75F0-5A46-4D7A-935A-2EF5F07DA4FF}.Release|Any CPU.ActiveCfg = Release|Any CPU
		{BFEA75F0-5A46-4D7A-935A-2EF5F07DA4FF}.Release|Any CPU.Build.0 = Release|Any CPU
	EndGlobalSection
	GlobalSection(SolutionProperties) = preSolution
		HideSolutionNode = FALSE
	EndGlobalSection
	GlobalSection(ExtensibilityGlobals) = postSolution
		SolutionGuid = {C97A6E92-1635-4FEC-9C03-C1BC97F6567C}
	EndGlobalSection
EndGlobal
